{
  "name": "biblia-api",
  "version": "2.0.0",
  "lockfileVersion": 3,
  "requires": true,
  "packages": {
    "": {
      "name": "biblia-api",
      "version": "2.0.0",
      "license": "ISC",
      "dependencies": {
        "cromo": "0.3.1"
      },
      "devDependencies": {
        "bun-types": "latest"
      }
    },
    "node_modules/bun-types": {
      "version": "1.0.18",
      "resolved": "https://registry.npmjs.org/bun-types/-/bun-types-1.0.18.tgz",
      "integrity": "sha512-1XZ7AxOF8oO8FZtw1xj006JAKxEjulK3dUhsktZVN95vXBlsf4NIjQxfistVdpt24v3H2I9BwHp+UU+gXSSpAw==",
      "dev": true
    },
    "node_modules/cromo": {
      "version": "0.3.1",
      "resolved": "https://registry.npmjs.org/cromo/-/cromo-0.3.1.tgz",
      "integrity": "sha512-mdqtuxxCrqDuhlYvwAenXdIYTrcE/nltuPLXzDYjutc/gM6FgOxmyY7HtLCU5tzMzpzak1QRQ0rUYWAuHXMB+Q==",
      "peerDependencies": {
        "typescript": "^5.0.0"
      }
    },
    "node_modules/typescript": {
      "version": "5.3.3",
      "resolved": "https://registry.npmjs.org/typescript/-/typescript-5.3.3.tgz",
      "integrity": "sha512-pXWcraxM0uxAS+tN0AG/BF2TyqmHO014Z070UsJ+pFvYuRSq8KH8DmWpnbXe0pEPDHXZV3FcAbJkijJ5oNEnWw==",
      "peer": true,
      "bin": {
        "tsc": "bin/tsc",
        "tsserver": "bin/tsserver"
      },
      "engines": {
        "node": ">=14.17"
      }
    }
  }
}
